# This file is automatically @generated by Cargo.
# It is not intended for manual editing.
version = 4

[[package]]
name = "usagi"
version = "2.6.0"
dependencies = [
 "usagi-cli",
 "usagi-core",
 "usagi-daemon",
 "usagi-tui",
]

[[package]]
name = "usagi-cli"
version = "0.0.0"
dependencies = [
 "usagi-core",
]

[[package]]
name = "usagi-core"
version = "0.0.0"

[[package]]
name = "usagi-daemon"
version = "0.0.0"
dependencies = [
 "usagi-core",
]

[[package]]
name = "usagi-tui"
version = "0.0.0"
dependencies = [
 "usagi-core",
]
